
Microsoft Visual Studio Solution File, Format Version 12.00
# Visual Studio Version 17
VisualStudioVersion = 17.5.33516.290
MinimumVisualStudioVersion = 10.0.40219.1
Project("{FAE04EC0-301F-11D3-BF4B-00C04F79EFBC}") = "Arkaen.Pixyz", "lib\Arkaen.Pixyz\Arkaen.Pixyz.csproj", "{05EEF06D-069E-46A2-81B7-4D42835026FE}"
EndProject
Project("{2150E333-8FDC-42A3-9474-1A3956D46DE8}") = "build", "build", "{065F180E-BDB0-48A9-872D-D6F01084CC8A}"
EndProject
Project("{2150E333-8FDC-42A3-9474-1A3956D46DE8}") = "samples", "samples", "{12C069B4-31E0-43EC-8AE5-AF2FA527293D}"
EndProject
Global
	GlobalSection(SolutionConfigurationPlatforms) = preSolution
		Debug|Any CPU = Debug|Any CPU
		Release|Any CPU = Release|Any CPU
	EndGlobalSection
	GlobalSection(ProjectConfigurationPlatforms) = postSolution
		{05EEF06D-069E-46A2-81B7-4D42835026FE}.Debug|Any CPU.ActiveCfg = Debug|Any CPU
		{05EEF06D-069E-46A2-81B7-4D42835026FE}.Debug|Any CPU.Build.0 = Debug|Any CPU
		{05EEF06D-069E-46A2-81B7-4D42835026FE}.Release|Any CPU.ActiveCfg = Release|Any CPU
		{05EEF06D-069E-46A2-81B7-4D42835026FE}.Release|Any CPU.Build.0 = Release|Any CPU
	EndGlobalSection
	GlobalSection(SolutionProperties) = preSolution
		HideSolutionNode = FALSE
	EndGlobalSection
	GlobalSection(ExtensibilityGlobals) = postSolution
		SolutionGuid = {2A42D662-A0BA-49B3-BF08-940AF5E3D89E}
	EndGlobalSection
EndGlobal
